// !$*UTF8*$!
{
	archiveVersion = 1;
	classes = {
	};
	objectVersion = 46;
	objects = {

/* Begin PBXBuildFile section */
		BB363F0219B3A4F900719C45 /* CCTest.m in Sources */ = {isa = PBXBuildFile; fileRef = BB363F0119B3A4F900719C45 /* CCTest.m */; };
		BB422164196193F0001304B8 /* main.m in Sources */ = {isa = PBXBuildFile; fileRef = BB422163196193F0001304B8 /* main.m */; };
		BB422167196193F0001304B8 /* AppDelegate.m in Sources */ = {isa = PBXBuildFile; fileRef = BB422166196193F0001304B8 /* AppDelegate.m */; };
		BB42216A196193F0001304B8 /* ViewController.m in Sources */ = {isa = PBXBuildFile; fileRef = BB422169196193F0001304B8 /* ViewController.m */; };
		BB42216D196193F0001304B8 /* Main.storyboard in Resources */ = {isa = PBXBuildFile; fileRef = BB42216B196193F0001304B8 /* Main.storyboard */; };
		BB42216F196193F0001304B8 /* Images.xcassets in Resources */ = {isa = PBXBuildFile; fileRef = BB42216E196193F0001304B8 /* Images.xcassets */; };
		BB42217B196193F0001304B8 /* PiratePTests.m in Sources */ = {isa = PBXBuildFile; fileRef = BB42217A196193F0001304B8 /* PiratePTests.m */; };
		BB42219019619412001304B8 /* PirateAttack.jpg in Resources */ = {isa = PBXBuildFile; fileRef = BB42218419619412001304B8 /* PirateAttack.jpg */; };
		BB42219119619412001304B8 /* PirateBlacksmith.jpeg in Resources */ = {isa = PBXBuildFile; fileRef = BB42218519619412001304B8 /* PirateBlacksmith.jpeg */; };
		BB42219219619412001304B8 /* PirateBoss.jpeg in Resources */ = {isa = PBXBuildFile; fileRef = BB42218619619412001304B8 /* PirateBoss.jpeg */; };
		BB42219319619412001304B8 /* PirateFriendlyDock.jpg in Resources */ = {isa = PBXBuildFile; fileRef = BB42218719619412001304B8 /* PirateFriendlyDock.jpg */; };
		BB42219419619412001304B8 /* PirateOctopusAttack.jpg in Resources */ = {isa = PBXBuildFile; fileRef = BB42218819619412001304B8 /* PirateOctopusAttack.jpg */; };
		BB42219519619412001304B8 /* PirateParrot.jpg in Resources */ = {isa = PBXBuildFile; fileRef = BB42218919619412001304B8 /* PirateParrot.jpg */; };
		BB42219619619412001304B8 /* PiratePlank.jpg in Resources */ = {isa = PBXBuildFile; fileRef = BB42218A19619412001304B8 /* PiratePlank.jpg */; };
		BB42219719619412001304B8 /* PirateShipBattle.jpeg in Resources */ = {isa = PBXBuildFile; fileRef = BB42218B19619412001304B8 /* PirateShipBattle.jpeg */; };
		BB42219819619412001304B8 /* PirateStart.jpg in Resources */ = {isa = PBXBuildFile; fileRef = BB42218C19619412001304B8 /* PirateStart.jpg */; };
		BB42219919619412001304B8 /* PirateTreasure.jpeg in Resources */ = {isa = PBXBuildFile; fileRef = BB42218D19619412001304B8 /* PirateTreasure.jpeg */; };
		BB42219A19619412001304B8 /* PirateTreasurer2.jpeg in Resources */ = {isa = PBXBuildFile; fileRef = BB42218E19619412001304B8 /* PirateTreasurer2.jpeg */; };
		BB42219B19619412001304B8 /* PirateWeapons.jpeg in Resources */ = {isa = PBXBuildFile; fileRef = BB42218F19619412001304B8 /* PirateWeapons.jpeg */; };
		BB42219F19628F20001304B8 /* Tile.m in Sources */ = {isa = PBXBuildFile; fileRef = BB42219E19628F20001304B8 /* Tile.m */; };
		BB4221A219629003001304B8 /* Factory.m in Sources */ = {isa = PBXBuildFile; fileRef = BB4221A119629003001304B8 /* Factory.m */; };
		BB4221A6196A660D001304B8 /* Weapon.m in Sources */ = {isa = PBXBuildFile; fileRef = BB4221A5196A660D001304B8 /* Weapon.m */; };
		BB4221A9196A661D001304B8 /* Armor.m in Sources */ = {isa = PBXBuildFile; fileRef = BB4221A8196A661D001304B8 /* Armor.m */; };
		BB4221AC196A6699001304B8 /* Character.m in Sources */ = {isa = PBXBuildFile; fileRef = BB4221AB196A6699001304B8 /* Character.m */; };
		BBC16D09196EF7020071FA8D /* Boss.m in Sources */ = {isa = PBXBuildFile; fileRef = BBC16D08196EF7020071FA8D /* Boss.m */; };
/* End PBXBuildFile section */

/* Begin PBXContainerItemProxy section */
		BB422175196193F0001304B8 /* PBXContainerItemProxy */ = {
			isa = PBXContainerItemProxy;
			containerPortal = BB422156196193F0001304B8 /* Project object */;
			proxyType = 1;
			remoteGlobalIDString = BB42215D196193F0001304B8;
			remoteInfo = PirateP;
		};
/* End PBXContainerItemProxy section */

/* Begin PBXFileReference section */
		BB363F0019B3A4F900719C45 /* CCTest.h */ = {isa = PBXFileReference; fileEncoding = 4; lastKnownFileType = sourcecode.c.h; path = CCTest.h; sourceTree = "<group>"; };
		BB363F0119B3A4F900719C45 /* CCTest.m */ = {isa = PBXFileReference; fileEncoding = 4; lastKnownFileType = sourcecode.c.objc; path = CCTest.m; sourceTree = "<group>"; };
		BB42215E196193F0001304B8 /* PirateP.app */ = {isa = PBXFileReference; explicitFileType = wrapper.application; includeInIndex = 0; path = PirateP.app; sourceTree = BUILT_PRODUCTS_DIR; };
		BB422162196193F0001304B8 /* Info.plist */ = {isa = PBXFileReference; lastKnownFileType = text.plist.xml; path = Info.plist; sourceTree = "<group>"; };
		BB422163196193F0001304B8 /* main.m */ = {isa = PBXFileReference; lastKnownFileType = sourcecode.c.objc; path = main.m; sourceTree = "<group>"; };
		BB422165196193F0001304B8 /* AppDelegate.h */ = {isa = PBXFileReference; lastKnownFileType = sourcecode.c.h; path = AppDelegate.h; sourceTree = "<group>"; };
		BB422166196193F0001304B8 /* AppDelegate.m */ = {isa = PBXFileReference; lastKnownFileType = sourcecode.c.objc; path = AppDelegate.m; sourceTree = "<group>"; };
		BB422168196193F0001304B8 /* ViewController.h */ = {isa = PBXFileReference; lastKnownFileType = sourcecode.c.h; path = ViewController.h; sourceTree = "<group>"; };
		BB422169196193F0001304B8 /* ViewController.m */ = {isa = PBXFileReference; lastKnownFileType = sourcecode.c.objc; path = ViewController.m; sourceTree = "<group>"; };
		BB42216C196193F0001304B8 /* Base */ = {isa = PBXFileReference; lastKnownFileType = file.storyboard; name = Base; path = Base.lproj/Main.storyboard; sourceTree = "<group>"; };
		BB42216E196193F0001304B8 /* Images.xcassets */ = {isa = PBXFileReference; lastKnownFileType = folder.assetcatalog; path = Images.xcassets; sourceTree = "<group>"; };
		BB422174196193F0001304B8 /* PiratePTests.xctest */ = {isa = PBXFileReference; explicitFileType = wrapper.cfbundle; includeInIndex = 0; path = PiratePTests.xctest; sourceTree = BUILT_PRODUCTS_DIR; };
		BB422179196193F0001304B8 /* Info.plist */ = {isa = PBXFileReference; lastKnownFileType = text.plist.xml; path = Info.plist; sourceTree = "<group>"; };
		BB42217A196193F0001304B8 /* PiratePTests.m */ = {isa = PBXFileReference; lastKnownFileType = sourcecode.c.objc; path = PiratePTests.m; sourceTree = "<group>"; };
		BB42218419619412001304B8 /* PirateAttack.jpg */ = {isa = PBXFileReference; lastKnownFileType = image.jpeg; path = PirateAttack.jpg; sourceTree = "<group>"; };
		BB42218519619412001304B8 /* PirateBlacksmith.jpeg */ = {isa = PBXFileReference; lastKnownFileType = image.jpeg; path = PirateBlacksmith.jpeg; sourceTree = "<group>"; };
		BB42218619619412001304B8 /* PirateBoss.jpeg */ = {isa = PBXFileReference; lastKnownFileType = image.jpeg; path = PirateBoss.jpeg; sourceTree = "<group>"; };
		BB42218719619412001304B8 /* PirateFriendlyDock.jpg */ = {isa = PBXFileReference; lastKnownFileType = image.jpeg; path = PirateFriendlyDock.jpg; sourceTree = "<group>"; };
		BB42218819619412001304B8 /* PirateOctopusAttack.jpg */ = {isa = PBXFileReference; lastKnownFileType = image.jpeg; path = PirateOctopusAttack.jpg; sourceTree = "<group>"; };
		BB42218919619412001304B8 /* PirateParrot.jpg */ = {isa = PBXFileReference; lastKnownFileType = image.jpeg; path = PirateParrot.jpg; sourceTree = "<group>"; };
		BB42218A19619412001304B8 /* PiratePlank.jpg */ = {isa = PBXFileReference; lastKnownFileType = image.jpeg; path = PiratePlank.jpg; sourceTree = "<group>"; };
		BB42218B19619412001304B8 /* PirateShipBattle.jpeg */ = {isa = PBXFileReference; lastKnownFileType = image.jpeg; path = PirateShipBattle.jpeg; sourceTree = "<group>"; };
		BB42218C19619412001304B8 /* PirateStart.jpg */ = {isa = PBXFileReference; lastKnownFileType = image.jpeg; path = PirateStart.jpg; sourceTree = "<group>"; };
		BB42218D19619412001304B8 /* PirateTreasure.jpeg */ = {isa = PBXFileReference; lastKnownFileType = image.jpeg; path = PirateTreasure.jpeg; sourceTree = "<group>"; };
		BB42218E19619412001304B8 /* PirateTreasurer2.jpeg */ = {isa = PBXFileReference; lastKnownFileType = image.jpeg; path = PirateTreasurer2.jpeg; sourceTree = "<group>"; };
		BB42218F19619412001304B8 /* PirateWeapons.jpeg */ = {isa = PBXFileReference; lastKnownFileType = image.jpeg; path = PirateWeapons.jpeg; sourceTree = "<group>"; };
		BB42219D19628F20001304B8 /* Tile.h */ = {isa = PBXFileReference; fileEncoding = 4; lastKnownFileType = sourcecode.c.h; path = Tile.h; sourceTree = "<group>"; };
		BB42219E19628F20001304B8 /* Tile.m */ = {isa = PBXFileReference; fileEncoding = 4; lastKnownFileType = sourcecode.c.objc; path = Tile.m; sourceTree = "<group>"; };
		BB4221A019629003001304B8 /* Factory.h */ = {isa = PBXFileReference; fileEncoding = 4; lastKnownFileType = sourcecode.c.h; path = Factory.h; sourceTree = "<group>"; };
		BB4221A119629003001304B8 /* Factory.m */ = {isa = PBXFileReference; fileEncoding = 4; lastKnownFileType = sourcecode.c.objc; path = Factory.m; sourceTree = "<group>"; };
		BB4221A4196A660D001304B8 /* Weapon.h */ = {isa = PBXFileReference; fileEncoding = 4; lastKnownFileType = sourcecode.c.h; path = Weapon.h; sourceTree = "<group>"; };
		BB4221A5196A660D001304B8 /* Weapon.m */ = {isa = PBXFileReference; fileEncoding = 4; lastKnownFileType = sourcecode.c.objc; path = Weapon.m; sourceTree = "<group>"; };
		BB4221A7196A661D001304B8 /* Armor.h */ = {isa = PBXFileReference; fileEncoding = 4; lastKnownFileType = sourcecode.c.h; path = Armor.h; sourceTree = "<group>"; };
		BB4221A8196A661D001304B8 /* Armor.m */ = {isa = PBXFileReference; fileEncoding = 4; lastKnownFileType = sourcecode.c.objc; path = Armor.m; sourceTree = "<group>"; };
		BB4221AA196A6699001304B8 /* Character.h */ = {isa = PBXFileReference; fileEncoding = 4; lastKnownFileType = sourcecode.c.h; path = Character.h; sourceTree = "<group>"; };
		BB4221AB196A6699001304B8 /* Character.m */ = {isa = PBXFileReference; fileEncoding = 4; lastKnownFileType = sourcecode.c.objc; path = Character.m; sourceTree = "<group>"; };
		BBC16D07196EF7020071FA8D /* Boss.h */ = {isa = PBXFileReference; fileEncoding = 4; lastKnownFileType = sourcecode.c.h; path = Boss.h; sourceTree = "<group>"; };
		BBC16D08196EF7020071FA8D /* Boss.m */ = {isa = PBXFileReference; fileEncoding = 4; lastKnownFileType = sourcecode.c.objc; path = Boss.m; sourceTree = "<group>"; };
/* End PBXFileReference section */

/* Begin PBXFrameworksBuildPhase section */
		BB42215B196193F0001304B8 /* Frameworks */ = {
			isa = PBXFrameworksBuildPhase;
			buildActionMask = 2147483647;
			files = (
			);
			runOnlyForDeploymentPostprocessing = 0;
		};
		BB422171196193F0001304B8 /* Frameworks */ = {
			isa = PBXFrameworksBuildPhase;
			buildActionMask = 2147483647;
			files = (
			);
			runOnlyForDeploymentPostprocessing = 0;
		};
/* End PBXFrameworksBuildPhase section */

/* Begin PBXGroup section */
		BB422155196193F0001304B8 = {
			isa = PBXGroup;
			children = (
				BB422160196193F0001304B8 /* PirateP */,
				BB422177196193F0001304B8 /* PiratePTests */,
				BB42215F196193F0001304B8 /* Products */,
			);
			sourceTree = "<group>";
		};
		BB42215F196193F0001304B8 /* Products */ = {
			isa = PBXGroup;
			children = (
				BB42215E196193F0001304B8 /* PirateP.app */,
				BB422174196193F0001304B8 /* PiratePTests.xctest */,
			);
			name = Products;
			sourceTree = "<group>";
		};
		BB422160196193F0001304B8 /* PirateP */ = {
			isa = PBXGroup;
			children = (
				BB422165196193F0001304B8 /* AppDelegate.h */,
				BB422166196193F0001304B8 /* AppDelegate.m */,
				BB42216B196193F0001304B8 /* Main.storyboard */,
				BB422168196193F0001304B8 /* ViewController.h */,
				BB422169196193F0001304B8 /* ViewController.m */,
				BB363F0019B3A4F900719C45 /* CCTest.h */,
				BB363F0119B3A4F900719C45 /* CCTest.m */,
				BB42219C19628F0F001304B8 /* Model */,
				BB42216E196193F0001304B8 /* Images.xcassets */,
				BB422161196193F0001304B8 /* Supporting Files */,
			);
			path = PirateP;
			sourceTree = "<group>";
		};
		BB422161196193F0001304B8 /* Supporting Files */ = {
			isa = PBXGroup;
			children = (
				BB42218419619412001304B8 /* PirateAttack.jpg */,
				BB42218519619412001304B8 /* PirateBlacksmith.jpeg */,
				BB42218619619412001304B8 /* PirateBoss.jpeg */,
				BB42218719619412001304B8 /* PirateFriendlyDock.jpg */,
				BB42218819619412001304B8 /* PirateOctopusAttack.jpg */,
				BB42218919619412001304B8 /* PirateParrot.jpg */,
				BB42218A19619412001304B8 /* PiratePlank.jpg */,
				BB42218B19619412001304B8 /* PirateShipBattle.jpeg */,
				BB42218C19619412001304B8 /* PirateStart.jpg */,
				BB42218D19619412001304B8 /* PirateTreasure.jpeg */,
				BB42218E19619412001304B8 /* PirateTreasurer2.jpeg */,
				BB42218F19619412001304B8 /* PirateWeapons.jpeg */,
				BB422162196193F0001304B8 /* Info.plist */,
				BB422163196193F0001304B8 /* main.m */,
			);
			name = "Supporting Files";
			sourceTree = "<group>";
		};
		BB422177196193F0001304B8 /* PiratePTests */ = {
			isa = PBXGroup;
			children = (
				BB42217A196193F0001304B8 /* PiratePTests.m */,
				BB422178196193F0001304B8 /* Supporting Files */,
			);
			path = PiratePTests;
			sourceTree = "<group>";
		};
		BB422178196193F0001304B8 /* Supporting Files */ = {
			isa = PBXGroup;
			children = (
				BB422179196193F0001304B8 /* Info.plist */,
			);
			name = "Supporting Files";
			sourceTree = "<group>";
		};
		BB42219C19628F0F001304B8 /* Model */ = {
			isa = PBXGroup;
			children = (
				BB4221A319629015001304B8 /* Factory */,
				BB42219D19628F20001304B8 /* Tile.h */,
				BB42219E19628F20001304B8 /* Tile.m */,
				BB4221AA196A6699001304B8 /* Character.h */,
				BB4221AB196A6699001304B8 /* Character.m */,
				BB4221A4196A660D001304B8 /* Weapon.h */,
				BB4221A5196A660D001304B8 /* Weapon.m */,
				BB4221A7196A661D001304B8 /* Armor.h */,
				BB4221A8196A661D001304B8 /* Armor.m */,
				BBC16D07196EF7020071FA8D /* Boss.h */,
				BBC16D08196EF7020071FA8D /* Boss.m */,
			);
			name = Model;
			sourceTree = "<group>";
		};
		BB4221A319629015001304B8 /* Factory */ = {
			isa = PBXGroup;
			children = (
				BB4221A019629003001304B8 /* Factory.h */,
				BB4221A119629003001304B8 /* Factory.m */,
			);
			name = Factory;
			sourceTree = "<group>";
		};
/* End PBXGroup section */

/* Begin PBXNativeTarget section */
		BB42215D196193F0001304B8 /* PirateP */ = {
			isa = PBXNativeTarget;
			buildConfigurationList = BB42217E196193F0001304B8 /* Build configuration list for PBXNativeTarget "PirateP" */;
			buildPhases = (
				BB42215A196193F0001304B8 /* Sources */,
				BB42215B196193F0001304B8 /* Frameworks */,
				BB42215C196193F0001304B8 /* Resources */,
			);
			buildRules = (
			);
			dependencies = (
			);
			name = PirateP;
			productName = PirateP;
			productReference = BB42215E196193F0001304B8 /* PirateP.app */;
			productType = "com.apple.product-type.application";
		};
		BB422173196193F0001304B8 /* PiratePTests */ = {
			isa = PBXNativeTarget;
			buildConfigurationList = BB422181196193F0001304B8 /* Build configuration list for PBXNativeTarget "PiratePTests" */;
			buildPhases = (
				BB422170196193F0001304B8 /* Sources */,
				BB422171196193F0001304B8 /* Frameworks */,
				BB422172196193F0001304B8 /* Resources */,
			);
			buildRules = (
			);
			dependencies = (
				BB422176196193F0001304B8 /* PBXTargetDependency */,
			);
			name = PiratePTests;
			productName = PiratePTests;
			productReference = BB422174196193F0001304B8 /* PiratePTests.xctest */;
			productType = "com.apple.product-type.bundle.unit-test";
		};
/* End PBXNativeTarget section */

/* Begin PBXProject section */
		BB422156196193F0001304B8 /* Project object */ = {
			isa = PBXProject;
			attributes = {
				LastUpgradeCheck = 0600;
				ORGANIZATIONNAME = OSX;
				TargetAttributes = {
					BB42215D196193F0001304B8 = {
						CreatedOnToolsVersion = 6.0;
					};
					BB422173196193F0001304B8 = {
						CreatedOnToolsVersion = 6.0;
						TestTargetID = BB42215D196193F0001304B8;
					};
				};
			};
			buildConfigurationList = BB422159196193F0001304B8 /* Build configuration list for PBXProject "PirateP" */;
			compatibilityVersion = "Xcode 3.2";
			developmentRegion = English;
			hasScannedForEncodings = 0;
			knownRegions = (
				en,
				Base,
			);
			mainGroup = BB422155196193F0001304B8;
			productRefGroup = BB42215F196193F0001304B8 /* Products */;
			projectDirPath = "";
			projectRoot = "";
			targets = (
				BB42215D196193F0001304B8 /* PirateP */,
				BB422173196193F0001304B8 /* PiratePTests */,
			);
		};
/* End PBXProject section */

/* Begin PBXResourcesBuildPhase section */
		BB42215C196193F0001304B8 /* Resources */ = {
			isa = PBXResourcesBuildPhase;
			buildActionMask = 2147483647;
			files = (
				BB42219119619412001304B8 /* PirateBlacksmith.jpeg in Resources */,
				BB42219A19619412001304B8 /* PirateTreasurer2.jpeg in Resources */,
				BB42219219619412001304B8 /* PirateBoss.jpeg in Resources */,
				BB42219719619412001304B8 /* PirateShipBattle.jpeg in Resources */,
				BB42219619619412001304B8 /* PiratePlank.jpg in Resources */,
				BB42219319619412001304B8 /* PirateFriendlyDock.jpg in Resources */,
				BB42219B19619412001304B8 /* PirateWeapons.jpeg in Resources */,
				BB42219019619412001304B8 /* PirateAttack.jpg in Resources */,
				BB42219819619412001304B8 /* PirateStart.jpg in Resources */,
				BB42219519619412001304B8 /* PirateParrot.jpg in Resources */,
				BB42216D196193F0001304B8 /* Main.storyboard in Resources */,
				BB42216F196193F0001304B8 /* Images.xcassets in Resources */,
				BB42219419619412001304B8 /* PirateOctopusAttack.jpg in Resources */,
				BB42219919619412001304B8 /* PirateTreasure.jpeg in Resources */,
			);
			runOnlyForDeploymentPostprocessing = 0;
		};
		BB422172196193F0001304B8 /* Resources */ = {
			isa = PBXResourcesBuildPhase;
			buildActionMask = 2147483647;
			files = (
			);
			runOnlyForDeploymentPostprocessing = 0;
		};
/* End PBXResourcesBuildPhase section */

/* Begin PBXSourcesBuildPhase section */
		BB42215A196193F0001304B8 /* Sources */ = {
			isa = PBXSourcesBuildPhase;
			buildActionMask = 2147483647;
			files = (
				BB4221A9196A661D001304B8 /* Armor.m in Sources */,
				BB4221A219629003001304B8 /* Factory.m in Sources */,
				BB42216A196193F0001304B8 /* ViewController.m in Sources */,
				BB4221AC196A6699001304B8 /* Character.m in Sources */,
				BB422167196193F0001304B8 /* AppDelegate.m in Sources */,
				BB4221A6196A660D001304B8 /* Weapon.m in Sources */,
				BBC16D09196EF7020071FA8D /* Boss.m in Sources */,
				BB422164196193F0001304B8 /* main.m in Sources */,
				BB42219F19628F20001304B8 /* Tile.m in Sources */,
				BB363F0219B3A4F900719C45 /* CCTest.m in Sources */,
			);
			runOnlyForDeploymentPostprocessing = 0;
		};
		BB422170196193F0001304B8 /* Sources */ = {
			isa = PBXSourcesBuildPhase;
			buildActionMask = 2147483647;
			files = (
				BB42217B196193F0001304B8 /* PiratePTests.m in Sources */,
			);
			runOnlyForDeploymentPostprocessing = 0;
		};
/* End PBXSourcesBuildPhase section */

/* Begin PBXTargetDependency section */
		BB422176196193F0001304B8 /* PBXTargetDependency */ = {
			isa = PBXTargetDependency;
			target = BB42215D196193F0001304B8 /* PirateP */;
			targetProxy = BB422175196193F0001304B8 /* PBXContainerItemProxy */;
		};
/* End PBXTargetDependency section */

/* Begin PBXVariantGroup section */
		BB42216B196193F0001304B8 /* Main.storyboard */ = {
			isa = PBXVariantGroup;
			children = (
				BB42216C196193F0001304B8 /* Base */,
			);
			name = Main.storyboard;
			sourceTree = "<group>";
		};
/* End PBXVariantGroup section */

/* Begin XCBuildConfiguration section */
		BB42217C196193F0001304B8 /* Debug */ = {
			isa = XCBuildConfiguration;
			buildSettings = {
				ALWAYS_SEARCH_USER_PATHS = NO;
				CLANG_CXX_LANGUAGE_STANDARD = "gnu++0x";
				CLANG_CXX_LIBRARY = "libc++";
				CLANG_ENABLE_MODULES = YES;
				CLANG_ENABLE_OBJC_ARC = YES;
				CLANG_WARN_BOOL_CONVERSION = YES;
				CLANG_WARN_CONSTANT_CONVERSION = YES;
				CLANG_WARN_DIRECT_OBJC_ISA_USAGE = YES_ERROR;
				CLANG_WARN_EMPTY_BODY = YES;
				CLANG_WARN_ENUM_CONVERSION = YES;
				CLANG_WARN_INT_CONVERSION = YES;
				CLANG_WARN_OBJC_ROOT_CLASS = YES_ERROR;
				CLANG_WARN_UNREACHABLE_CODE = YES;
				CLANG_WARN__DUPLICATE_METHOD_MATCH = YES;
				"CODE_SIGN_IDENTITY[sdk=iphoneos*]" = "iPhone Developer";
				COPY_PHASE_STRIP = NO;
				ENABLE_STRICT_OBJC_MSGSEND = YES;
				GCC_C_LANGUAGE_STANDARD = gnu99;
				GCC_DYNAMIC_NO_PIC = NO;
				GCC_OPTIMIZATION_LEVEL = 0;
				GCC_PREPROCESSOR_DEFINITIONS = (
					"DEBUG=1",
					"$(inherited)",
				);
				GCC_SYMBOLS_PRIVATE_EXTERN = NO;
				GCC_WARN_64_TO_32_BIT_CONVERSION = YES;
				GCC_WARN_ABOUT_RETURN_TYPE = YES_ERROR;
				GCC_WARN_UNDECLARED_SELECTOR = YES;
				GCC_WARN_UNINITIALIZED_AUTOS = YES_AGGRESSIVE;
				GCC_WARN_UNUSED_FUNCTION = YES;
				GCC_WARN_UNUSED_VARIABLE = YES;
				IPHONEOS_DEPLOYMENT_TARGET = 8.0;
				METAL_ENABLE_DEBUG_INFO = YES;
				ONLY_ACTIVE_ARCH = YES;
				SDKROOT = iphoneos;
			};
			name = Debug;
		};
		BB42217D196193F0001304B8 /* Release */ = {
			isa = XCBuildConfiguration;
			buildSettings = {
				ALWAYS_SEARCH_USER_PATHS = NO;
				CLANG_CXX_LANGUAGE_STANDARD = "gnu++0x";
				CLANG_CXX_LIBRARY = "libc++";
				CLANG_ENABLE_MODULES = YES;
				CLANG_ENABLE_OBJC_ARC = YES;
				CLANG_WARN_BOOL_CONVERSION = YES;
				CLANG_WARN_CONSTANT_CONVERSION = YES;
				CLANG_WARN_DIRECT_OBJC_ISA_USAGE = YES_ERROR;
				CLANG_WARN_EMPTY_BODY = YES;
				CLANG_WARN_ENUM_CONVERSION = YES;
				CLANG_WARN_INT_CONVERSION = YES;
				CLANG_WARN_OBJC_ROOT_CLASS = YES_ERROR;
				CLANG_WARN_UNREACHABLE_CODE = YES;
				CLANG_WARN__DUPLICATE_METHOD_MATCH = YES;
				"CODE_SIGN_IDENTITY[sdk=iphoneos*]" = "iPhone Developer";
				COPY_PHASE_STRIP = YES;
				ENABLE_NS_ASSERTIONS = NO;
				ENABLE_STRICT_OBJC_MSGSEND = YES;
				GCC_C_LANGUAGE_STANDARD = gnu99;
				GCC_WARN_64_TO_32_BIT_CONVERSION = YES;
				GCC_WARN_ABOUT_RETURN_TYPE = YES_ERROR;
				GCC_WARN_UNDECLARED_SELECTOR = YES;
				GCC_WARN_UNINITIALIZED_AUTOS = YES_AGGRESSIVE;
				GCC_WARN_UNUSED_FUNCTION = YES;
				GCC_WARN_UNUSED_VARIABLE = YES;
				IPHONEOS_DEPLOYMENT_TARGET = 8.0;
				METAL_ENABLE_DEBUG_INFO = NO;
				SDKROOT = iphoneos;
				VALIDATE_PRODUCT = YES;
			};
			name = Release;
		};
		BB42217F196193F0001304B8 /* Debug */ = {
			isa = XCBuildConfiguration;
			buildSettings = {
				ASSETCATALOG_COMPILER_APPICON_NAME = AppIcon;
				ASSETCATALOG_COMPILER_LAUNCHIMAGE_NAME = LaunchImage;
				INFOPLIST_FILE = PirateP/Info.plist;
				LD_RUNPATH_SEARCH_PATHS = "$(inherited) @executable_path/Frameworks";
				PRODUCT_NAME = "$(TARGET_NAME)";
			};
			name = Debug;
		};
		BB422180196193F0001304B8 /* Release */ = {
			isa = XCBuildConfiguration;
			buildSettings = {
				ASSETCATALOG_COMPILER_APPICON_NAME = AppIcon;
				ASSETCATALOG_COMPILER_LAUNCHIMAGE_NAME = LaunchImage;
				INFOPLIST_FILE = PirateP/Info.plist;
				LD_RUNPATH_SEARCH_PATHS = "$(inherited) @executable_path/Frameworks";
				PRODUCT_NAME = "$(TARGET_NAME)";
			};
			name = Release;
		};
		BB422182196193F0001304B8 /* Debug */ = {
			isa = XCBuildConfiguration;
			buildSettings = {
				BUNDLE_LOADER = "$(BUILT_PRODUCTS_DIR)/PirateP.app/PirateP";
				FRAMEWORK_SEARCH_PATHS = (
					"$(SDKROOT)/Developer/Library/Frameworks",
					"$(inherited)",
				);
				GCC_PREPROCESSOR_DEFINITIONS = (
					"DEBUG=1",
					"$(inherited)",
				);
				INFOPLIST_FILE = PiratePTests/Info.plist;
				LD_RUNPATH_SEARCH_PATHS = "$(inherited) @executable_path/Frameworks @loader_path/Frameworks";
				METAL_ENABLE_DEBUG_INFO = YES;
				PRODUCT_NAME = "$(TARGET_NAME)";
				TEST_HOST = "$(BUNDLE_LOADER)";
			};
			name = Debug;
		};
		BB422183196193F0001304B8 /* Release */ = {
			isa = XCBuildConfiguration;
			buildSettings = {
				BUNDLE_LOADER = "$(BUILT_PRODUCTS_DIR)/PirateP.app/PirateP";
				FRAMEWORK_SEARCH_PATHS = (
					"$(SDKROOT)/Developer/Library/Frameworks",
					"$(inherited)",
				);
				INFOPLIST_FILE = PiratePTests/Info.plist;
				LD_RUNPATH_SEARCH_PATHS = "$(inherited) @executable_path/Frameworks @loader_path/Frameworks";
				METAL_ENABLE_DEBUG_INFO = NO;
				PRODUCT_NAME = "$(TARGET_NAME)";
				TEST_HOST = "$(BUNDLE_LOADER)";
			};
			name = Release;
		};
/* End XCBuildConfiguration section */

/* Begin XCConfigurationList section */
		BB422159196193F0001304B8 /* Build configuration list for PBXProject "PirateP" */ = {
			isa = XCConfigurationList;
			buildConfigurations = (
				BB42217C196193F0001304B8 /* Debug */,
				BB42217D196193F0001304B8 /* Release */,
			);
			defaultConfigurationIsVisible = 0;
			defaultConfigurationName = Release;
		};
		BB42217E196193F0001304B8 /* Build configuration list for PBXNativeTarget "PirateP" */ = {
			isa = XCConfigurationList;
			buildConfigurations = (
				BB42217F196193F0001304B8 /* Debug */,
				BB422180196193F0001304B8 /* Release */,
			);
			defaultConfigurationIsVisible = 0;
			defaultConfigurationName = Release;
		};
		BB422181196193F0001304B8 /* Build configuration list for PBXNativeTarget "PiratePTests" */ = {
			isa = XCConfigurationList;
			buildConfigurations = (
				BB422182196193F0001304B8 /* Debug */,
				BB422183196193F0001304B8 /* Release */,
			);
			defaultConfigurationIsVisible = 0;
			defaultConfigurationName = Release;
		};
/* End XCConfigurationList section */
	};
	rootObject = BB422156196193F0001304B8 /* Project object */;
}
